
Microsoft Visual Studio Solution File, Format Version 11.00
# Visual Studio 2010
Project("{FAE04EC0-301F-11D3-BF4B-00C04F79EFBC}") = "StockManagemengBasic", "StockManagemengBasic.csproj", "{4F4D2D0C-09BB-4612-8B75-7D0B558CD008}"
EndProject
Global
	GlobalSection(SolutionConfigurationPlatforms) = preSolution
		Debug|Any CPU = Debug|Any CPU
		Release|Any CPU = Release|Any CPU
	EndGlobalSection
	GlobalSection(ProjectConfigurationPlatforms) = postSolution
		{4F4D2D0C-09BB-4612-8B75-7D0B558CD008}.Debug|Any CPU.ActiveCfg = Debug|Any CPU
		{4F4D2D0C-09BB-4612-8B75-7D0B558CD008}.Debug|Any CPU.Build.0 = Debug|Any CPU
		{4F4D2D0C-09BB-4612-8B75-7D0B558CD008}.Release|Any CPU.ActiveCfg = Release|Any CPU
		{4F4D2D0C-09BB-4612-8B75-7D0B558CD008}.Release|Any CPU.Build.0 = Release|Any CPU
	EndGlobalSection
	GlobalSection(SolutionProperties) = preSolution
		HideSolutionNode = FALSE
	EndGlobalSection
EndGlobal
